
Microsoft Visual Studio Solution File, Format Version 12.00
# Visual Studio 2012
Project("{FAE04EC0-301F-11D3-BF4B-00C04F79EFBC}") = "TouchMediaGUI", "TouchMediaGUI\TouchMediaGUI.csproj", "{55AD3A67-E509-44F5-BE1D-61C69E0B24D4}"
EndProject
Project("{FAE04EC0-301F-11D3-BF4B-00C04F79EFBC}") = "DAL", "DAL\DAL.csproj", "{B64D19A8-6548-455B-BEA0-79B16BA38ADF}"
EndProject
Project("{FAE04EC0-301F-11D3-BF4B-00C04F79EFBC}") = "BLL", "BLL\BLL.csproj", "{1A7E5BC7-470D-46ED-9163-688CA490948C}"
EndProject
Global
	GlobalSection(SolutionConfigurationPlatforms) = preSolution
		Debug|Any CPU = Debug|Any CPU
		Release|Any CPU = Release|Any CPU
	EndGlobalSection
	GlobalSection(ProjectConfigurationPlatforms) = postSolution
		{55AD3A67-E509-44F5-BE1D-61C69E0B24D4}.Debug|Any CPU.ActiveCfg = Debug|Any CPU
		{55AD3A67-E509-44F5-BE1D-61C69E0B24D4}.Debug|Any CPU.Build.0 = Debug|Any CPU
		{55AD3A67-E509-44F5-BE1D-61C69E0B24D4}.Release|Any CPU.ActiveCfg = Release|Any CPU
		{55AD3A67-E509-44F5-BE1D-61C69E0B24D4}.Release|Any CPU.Build.0 = Release|Any CPU
		{B64D19A8-6548-455B-BEA0-79B16BA38ADF}.Debug|Any CPU.ActiveCfg = Debug|Any CPU
		{B64D19A8-6548-455B-BEA0-79B16BA38ADF}.Debug|Any CPU.Build.0 = Debug|Any CPU
		{B64D19A8-6548-455B-BEA0-79B16BA38ADF}.Release|Any CPU.ActiveCfg = Release|Any CPU
		{B64D19A8-6548-455B-BEA0-79B16BA38ADF}.Release|Any CPU.Build.0 = Release|Any CPU
		{1A7E5BC7-470D-46ED-9163-688CA490948C}.Debug|Any CPU.ActiveCfg = Debug|Any CPU
		{1A7E5BC7-470D-46ED-9163-688CA490948C}.Debug|Any CPU.Build.0 = Debug|Any CPU
		{1A7E5BC7-470D-46ED-9163-688CA490948C}.Release|Any CPU.ActiveCfg = Release|Any CPU
		{1A7E5BC7-470D-46ED-9163-688CA490948C}.Release|Any CPU.Build.0 = Release|Any CPU
	EndGlobalSection
	GlobalSection(SolutionProperties) = preSolution
		HideSolutionNode = FALSE
	EndGlobalSection
EndGlobal
