
Microsoft Visual Studio Solution File, Format Version 11.00
# Visual Studio 2010
Project("{FAE04EC0-301F-11D3-BF4B-00C04F79EFBC}") = "website", "website\website.csproj", "{DE7F3D04-E898-436A-840F-646D0AF34CB6}"
EndProject
Project("{FAE04EC0-301F-11D3-BF4B-00C04F79EFBC}") = "BLL", "BLL\BLL.csproj", "{B7F3894F-85C6-4C8A-A623-197C9E1288FB}"
EndProject
Project("{FAE04EC0-301F-11D3-BF4B-00C04F79EFBC}") = "DAL", "DAL\DAL.csproj", "{DFD31FEF-9966-4EC9-B995-70A6C4686248}"
EndProject
Project("{FAE04EC0-301F-11D3-BF4B-00C04F79EFBC}") = "MyGeneration.dOOdads", "MyGeneration.dOOdads\MyGeneration.dOOdads.csproj", "{8666C149-F8D1-47CE-B5E2-BEE0BC844A9A}"
EndProject
Global
	GlobalSection(SolutionConfigurationPlatforms) = preSolution
		Debug|Any CPU = Debug|Any CPU
		Release|Any CPU = Release|Any CPU
	EndGlobalSection
	GlobalSection(ProjectConfigurationPlatforms) = postSolution
		{DE7F3D04-E898-436A-840F-646D0AF34CB6}.Debug|Any CPU.ActiveCfg = Debug|Any CPU
		{DE7F3D04-E898-436A-840F-646D0AF34CB6}.Debug|Any CPU.Build.0 = Debug|Any CPU
		{DE7F3D04-E898-436A-840F-646D0AF34CB6}.Release|Any CPU.ActiveCfg = Release|Any CPU
		{DE7F3D04-E898-436A-840F-646D0AF34CB6}.Release|Any CPU.Build.0 = Release|Any CPU
		{B7F3894F-85C6-4C8A-A623-197C9E1288FB}.Debug|Any CPU.ActiveCfg = Debug|Any CPU
		{B7F3894F-85C6-4C8A-A623-197C9E1288FB}.Debug|Any CPU.Build.0 = Debug|Any CPU
		{B7F3894F-85C6-4C8A-A623-197C9E1288FB}.Release|Any CPU.ActiveCfg = Release|Any CPU
		{B7F3894F-85C6-4C8A-A623-197C9E1288FB}.Release|Any CPU.Build.0 = Release|Any CPU
		{DFD31FEF-9966-4EC9-B995-70A6C4686248}.Debug|Any CPU.ActiveCfg = Debug|Any CPU
		{DFD31FEF-9966-4EC9-B995-70A6C4686248}.Debug|Any CPU.Build.0 = Debug|Any CPU
		{DFD31FEF-9966-4EC9-B995-70A6C4686248}.Release|Any CPU.ActiveCfg = Release|Any CPU
		{DFD31FEF-9966-4EC9-B995-70A6C4686248}.Release|Any CPU.Build.0 = Release|Any CPU
		{8666C149-F8D1-47CE-B5E2-BEE0BC844A9A}.Debug|Any CPU.ActiveCfg = Debug|Any CPU
		{8666C149-F8D1-47CE-B5E2-BEE0BC844A9A}.Debug|Any CPU.Build.0 = Debug|Any CPU
		{8666C149-F8D1-47CE-B5E2-BEE0BC844A9A}.Release|Any CPU.ActiveCfg = Release|Any CPU
		{8666C149-F8D1-47CE-B5E2-BEE0BC844A9A}.Release|Any CPU.Build.0 = Release|Any CPU
	EndGlobalSection
	GlobalSection(SolutionProperties) = preSolution
		HideSolutionNode = FALSE
	EndGlobalSection
EndGlobal
