
Microsoft Visual Studio Solution File, Format Version 11.00
# Visual Studio 2010
Project("{FAE04EC0-301F-11D3-BF4B-00C04F79EFBC}") = "TerryOptics", "TerryOptics\TerryOptics.csproj", "{B2AB1B77-C1E0-412A-9AA2-C4FDB406AF1B}"
EndProject
Project("{FAE04EC0-301F-11D3-BF4B-00C04F79EFBC}") = "TerryOptics.BLL", "TerryOptics.BLL\TerryOptics.BLL.csproj", "{0F3A8463-9065-4F9F-BB82-8E2631BBD030}"
EndProject
Project("{FAE04EC0-301F-11D3-BF4B-00C04F79EFBC}") = "TerryOptics.DAL", "TerryOptics.DAL\TerryOptics.DAL.csproj", "{D5C92222-FE50-4FFB-88C9-5625FE0C026A}"
EndProject
Project("{FAE04EC0-301F-11D3-BF4B-00C04F79EFBC}") = "MyGeneration.dOOdads", "MyGeneration.dOOdads\MyGeneration.dOOdads.csproj", "{8666C149-F8D1-47CE-B5E2-BEE0BC844A9A}"
EndProject
Global
	GlobalSection(SolutionConfigurationPlatforms) = preSolution
		Debug|Any CPU = Debug|Any CPU
		Release|Any CPU = Release|Any CPU
	EndGlobalSection
	GlobalSection(ProjectConfigurationPlatforms) = postSolution
		{B2AB1B77-C1E0-412A-9AA2-C4FDB406AF1B}.Debug|Any CPU.ActiveCfg = Debug|Any CPU
		{B2AB1B77-C1E0-412A-9AA2-C4FDB406AF1B}.Debug|Any CPU.Build.0 = Debug|Any CPU
		{B2AB1B77-C1E0-412A-9AA2-C4FDB406AF1B}.Release|Any CPU.ActiveCfg = Release|Any CPU
		{B2AB1B77-C1E0-412A-9AA2-C4FDB406AF1B}.Release|Any CPU.Build.0 = Release|Any CPU
		{0F3A8463-9065-4F9F-BB82-8E2631BBD030}.Debug|Any CPU.ActiveCfg = Debug|Any CPU
		{0F3A8463-9065-4F9F-BB82-8E2631BBD030}.Debug|Any CPU.Build.0 = Debug|Any CPU
		{0F3A8463-9065-4F9F-BB82-8E2631BBD030}.Release|Any CPU.ActiveCfg = Release|Any CPU
		{0F3A8463-9065-4F9F-BB82-8E2631BBD030}.Release|Any CPU.Build.0 = Release|Any CPU
		{D5C92222-FE50-4FFB-88C9-5625FE0C026A}.Debug|Any CPU.ActiveCfg = Debug|Any CPU
		{D5C92222-FE50-4FFB-88C9-5625FE0C026A}.Debug|Any CPU.Build.0 = Debug|Any CPU
		{D5C92222-FE50-4FFB-88C9-5625FE0C026A}.Release|Any CPU.ActiveCfg = Release|Any CPU
		{D5C92222-FE50-4FFB-88C9-5625FE0C026A}.Release|Any CPU.Build.0 = Release|Any CPU
		{8666C149-F8D1-47CE-B5E2-BEE0BC844A9A}.Debug|Any CPU.ActiveCfg = Debug|Any CPU
		{8666C149-F8D1-47CE-B5E2-BEE0BC844A9A}.Debug|Any CPU.Build.0 = Debug|Any CPU
		{8666C149-F8D1-47CE-B5E2-BEE0BC844A9A}.Release|Any CPU.ActiveCfg = Release|Any CPU
		{8666C149-F8D1-47CE-B5E2-BEE0BC844A9A}.Release|Any CPU.Build.0 = Release|Any CPU
	EndGlobalSection
	GlobalSection(SolutionProperties) = preSolution
		HideSolutionNode = FALSE
	EndGlobalSection
EndGlobal
