
Microsoft Visual Studio Solution File, Format Version 12.00
# Visual Studio 2013
VisualStudioVersion = 12.0.21005.1
MinimumVisualStudioVersion = 10.0.40219.1
Project("{FAE04EC0-301F-11D3-BF4B-00C04F79EFBC}") = "EduMontreal", "EduMontreal\EduMontreal.csproj", "{0B556642-8ADD-4BCA-AB49-55C731CA602D}"
EndProject
Project("{FAE04EC0-301F-11D3-BF4B-00C04F79EFBC}") = "BLL", "BLL\BLL.csproj", "{7DF14B29-6AC4-4860-8DDB-B33C1E701E5C}"
EndProject
Project("{FAE04EC0-301F-11D3-BF4B-00C04F79EFBC}") = "DAL", "DAL\DAL.csproj", "{ECFB6D53-875C-491D-BA22-54D77D672AB8}"
EndProject
Global
	GlobalSection(SolutionConfigurationPlatforms) = preSolution
		Debug|Any CPU = Debug|Any CPU
		Release|Any CPU = Release|Any CPU
	EndGlobalSection
	GlobalSection(ProjectConfigurationPlatforms) = postSolution
		{0B556642-8ADD-4BCA-AB49-55C731CA602D}.Debug|Any CPU.ActiveCfg = Debug|Any CPU
		{0B556642-8ADD-4BCA-AB49-55C731CA602D}.Debug|Any CPU.Build.0 = Debug|Any CPU
		{0B556642-8ADD-4BCA-AB49-55C731CA602D}.Release|Any CPU.ActiveCfg = Release|Any CPU
		{0B556642-8ADD-4BCA-AB49-55C731CA602D}.Release|Any CPU.Build.0 = Release|Any CPU
		{7DF14B29-6AC4-4860-8DDB-B33C1E701E5C}.Debug|Any CPU.ActiveCfg = Debug|Any CPU
		{7DF14B29-6AC4-4860-8DDB-B33C1E701E5C}.Debug|Any CPU.Build.0 = Debug|Any CPU
		{7DF14B29-6AC4-4860-8DDB-B33C1E701E5C}.Release|Any CPU.ActiveCfg = Release|Any CPU
		{7DF14B29-6AC4-4860-8DDB-B33C1E701E5C}.Release|Any CPU.Build.0 = Release|Any CPU
		{ECFB6D53-875C-491D-BA22-54D77D672AB8}.Debug|Any CPU.ActiveCfg = Debug|Any CPU
		{ECFB6D53-875C-491D-BA22-54D77D672AB8}.Debug|Any CPU.Build.0 = Debug|Any CPU
		{ECFB6D53-875C-491D-BA22-54D77D672AB8}.Release|Any CPU.ActiveCfg = Release|Any CPU
		{ECFB6D53-875C-491D-BA22-54D77D672AB8}.Release|Any CPU.Build.0 = Release|Any CPU
	EndGlobalSection
	GlobalSection(SolutionProperties) = preSolution
		HideSolutionNode = FALSE
	EndGlobalSection
EndGlobal
