
Microsoft Visual Studio Solution File, Format Version 11.00
# Visual Studio 2010
Project("{FAE04EC0-301F-11D3-BF4B-00C04F79EFBC}") = "WhiteChatClient", "WhiteChatClient\WhiteChatClient.csproj", "{738D58A9-55CA-40B1-AF63-C3E4ABC9F830}"
EndProject
Global
	GlobalSection(SolutionConfigurationPlatforms) = preSolution
		Debug|x86 = Debug|x86
		Release|x86 = Release|x86
	EndGlobalSection
	GlobalSection(ProjectConfigurationPlatforms) = postSolution
		{738D58A9-55CA-40B1-AF63-C3E4ABC9F830}.Debug|x86.ActiveCfg = Debug|x86
		{738D58A9-55CA-40B1-AF63-C3E4ABC9F830}.Debug|x86.Build.0 = Debug|x86
		{738D58A9-55CA-40B1-AF63-C3E4ABC9F830}.Release|x86.ActiveCfg = Release|x86
		{738D58A9-55CA-40B1-AF63-C3E4ABC9F830}.Release|x86.Build.0 = Release|x86
	EndGlobalSection
	GlobalSection(SolutionProperties) = preSolution
		HideSolutionNode = FALSE
	EndGlobalSection
EndGlobal
