
Microsoft Visual Studio Solution File, Format Version 11.00
# Visual Studio 2010
Project("{FAE04EC0-301F-11D3-BF4B-00C04F79EFBC}") = "E3zemni_DAL", "E3zemni_DAL\E3zemni_DAL.csproj", "{76BC35C7-7F7B-45E7-B6F4-95585CE4C513}"
EndProject
Project("{FAE04EC0-301F-11D3-BF4B-00C04F79EFBC}") = "E3zemni_BLL", "E3zemni_BLL\E3zemni_BLL.csproj", "{94FBB772-4D08-4E26-9B42-DC15EFD6FE7B}"
EndProject
Project("{FAE04EC0-301F-11D3-BF4B-00C04F79EFBC}") = "E3zemni_WebGUI", "E3zemni_WebGUI\E3zemni_WebGUI.csproj", "{E6689392-C5B5-4308-B960-37C25973B7C1}"
EndProject
Project("{FAE04EC0-301F-11D3-BF4B-00C04F79EFBC}") = "MyGeneration.dOOdads", "MyGeneration.dOOdads\MyGeneration.dOOdads.csproj", "{8666C149-F8D1-47CE-B5E2-BEE0BC844A9A}"
EndProject
Project("{FAE04EC0-301F-11D3-BF4B-00C04F79EFBC}") = "ImageHandler", "ImageHandler\ImageHandler.csproj", "{1DE3C16C-0928-43F2-A3AD-A40EB97BA2B7}"
EndProject
Global
	GlobalSection(SolutionConfigurationPlatforms) = preSolution
		Debug|Any CPU = Debug|Any CPU
		Debug|Mixed Platforms = Debug|Mixed Platforms
		Debug|x86 = Debug|x86
		Release|Any CPU = Release|Any CPU
		Release|Mixed Platforms = Release|Mixed Platforms
		Release|x86 = Release|x86
	EndGlobalSection
	GlobalSection(ProjectConfigurationPlatforms) = postSolution
		{76BC35C7-7F7B-45E7-B6F4-95585CE4C513}.Debug|Any CPU.ActiveCfg = Debug|Any CPU
		{76BC35C7-7F7B-45E7-B6F4-95585CE4C513}.Debug|Any CPU.Build.0 = Debug|Any CPU
		{76BC35C7-7F7B-45E7-B6F4-95585CE4C513}.Debug|Mixed Platforms.ActiveCfg = Debug|Any CPU
		{76BC35C7-7F7B-45E7-B6F4-95585CE4C513}.Debug|Mixed Platforms.Build.0 = Debug|Any CPU
		{76BC35C7-7F7B-45E7-B6F4-95585CE4C513}.Debug|x86.ActiveCfg = Debug|Any CPU
		{76BC35C7-7F7B-45E7-B6F4-95585CE4C513}.Release|Any CPU.ActiveCfg = Release|Any CPU
		{76BC35C7-7F7B-45E7-B6F4-95585CE4C513}.Release|Any CPU.Build.0 = Release|Any CPU
		{76BC35C7-7F7B-45E7-B6F4-95585CE4C513}.Release|Mixed Platforms.ActiveCfg = Release|Any CPU
		{76BC35C7-7F7B-45E7-B6F4-95585CE4C513}.Release|Mixed Platforms.Build.0 = Release|Any CPU
		{76BC35C7-7F7B-45E7-B6F4-95585CE4C513}.Release|x86.ActiveCfg = Release|Any CPU
		{94FBB772-4D08-4E26-9B42-DC15EFD6FE7B}.Debug|Any CPU.ActiveCfg = Debug|Any CPU
		{94FBB772-4D08-4E26-9B42-DC15EFD6FE7B}.Debug|Any CPU.Build.0 = Debug|Any CPU
		{94FBB772-4D08-4E26-9B42-DC15EFD6FE7B}.Debug|Mixed Platforms.ActiveCfg = Debug|Any CPU
		{94FBB772-4D08-4E26-9B42-DC15EFD6FE7B}.Debug|Mixed Platforms.Build.0 = Debug|Any CPU
		{94FBB772-4D08-4E26-9B42-DC15EFD6FE7B}.Debug|x86.ActiveCfg = Debug|Any CPU
		{94FBB772-4D08-4E26-9B42-DC15EFD6FE7B}.Release|Any CPU.ActiveCfg = Release|Any CPU
		{94FBB772-4D08-4E26-9B42-DC15EFD6FE7B}.Release|Any CPU.Build.0 = Release|Any CPU
		{94FBB772-4D08-4E26-9B42-DC15EFD6FE7B}.Release|Mixed Platforms.ActiveCfg = Release|Any CPU
		{94FBB772-4D08-4E26-9B42-DC15EFD6FE7B}.Release|Mixed Platforms.Build.0 = Release|Any CPU
		{94FBB772-4D08-4E26-9B42-DC15EFD6FE7B}.Release|x86.ActiveCfg = Release|Any CPU
		{E6689392-C5B5-4308-B960-37C25973B7C1}.Debug|Any CPU.ActiveCfg = Debug|Any CPU
		{E6689392-C5B5-4308-B960-37C25973B7C1}.Debug|Any CPU.Build.0 = Debug|Any CPU
		{E6689392-C5B5-4308-B960-37C25973B7C1}.Debug|Mixed Platforms.ActiveCfg = Debug|Any CPU
		{E6689392-C5B5-4308-B960-37C25973B7C1}.Debug|Mixed Platforms.Build.0 = Debug|Any CPU
		{E6689392-C5B5-4308-B960-37C25973B7C1}.Debug|x86.ActiveCfg = Debug|Any CPU
		{E6689392-C5B5-4308-B960-37C25973B7C1}.Release|Any CPU.ActiveCfg = Release|Any CPU
		{E6689392-C5B5-4308-B960-37C25973B7C1}.Release|Any CPU.Build.0 = Release|Any CPU
		{E6689392-C5B5-4308-B960-37C25973B7C1}.Release|Mixed Platforms.ActiveCfg = Release|Any CPU
		{E6689392-C5B5-4308-B960-37C25973B7C1}.Release|Mixed Platforms.Build.0 = Release|Any CPU
		{E6689392-C5B5-4308-B960-37C25973B7C1}.Release|x86.ActiveCfg = Release|Any CPU
		{8666C149-F8D1-47CE-B5E2-BEE0BC844A9A}.Debug|Any CPU.ActiveCfg = Debug|Any CPU
		{8666C149-F8D1-47CE-B5E2-BEE0BC844A9A}.Debug|Any CPU.Build.0 = Debug|Any CPU
		{8666C149-F8D1-47CE-B5E2-BEE0BC844A9A}.Debug|Mixed Platforms.ActiveCfg = Debug|Any CPU
		{8666C149-F8D1-47CE-B5E2-BEE0BC844A9A}.Debug|Mixed Platforms.Build.0 = Debug|Any CPU
		{8666C149-F8D1-47CE-B5E2-BEE0BC844A9A}.Debug|x86.ActiveCfg = Debug|Any CPU
		{8666C149-F8D1-47CE-B5E2-BEE0BC844A9A}.Release|Any CPU.ActiveCfg = Release|Any CPU
		{8666C149-F8D1-47CE-B5E2-BEE0BC844A9A}.Release|Any CPU.Build.0 = Release|Any CPU
		{8666C149-F8D1-47CE-B5E2-BEE0BC844A9A}.Release|Mixed Platforms.ActiveCfg = Release|Any CPU
		{8666C149-F8D1-47CE-B5E2-BEE0BC844A9A}.Release|Mixed Platforms.Build.0 = Release|Any CPU
		{8666C149-F8D1-47CE-B5E2-BEE0BC844A9A}.Release|x86.ActiveCfg = Release|Any CPU
		{1DE3C16C-0928-43F2-A3AD-A40EB97BA2B7}.Debug|Any CPU.ActiveCfg = Debug|Any CPU
		{1DE3C16C-0928-43F2-A3AD-A40EB97BA2B7}.Debug|Any CPU.Build.0 = Debug|Any CPU
		{1DE3C16C-0928-43F2-A3AD-A40EB97BA2B7}.Debug|Mixed Platforms.ActiveCfg = Debug|Any CPU
		{1DE3C16C-0928-43F2-A3AD-A40EB97BA2B7}.Debug|Mixed Platforms.Build.0 = Debug|Any CPU
		{1DE3C16C-0928-43F2-A3AD-A40EB97BA2B7}.Debug|x86.ActiveCfg = Debug|Any CPU
		{1DE3C16C-0928-43F2-A3AD-A40EB97BA2B7}.Release|Any CPU.ActiveCfg = Release|Any CPU
		{1DE3C16C-0928-43F2-A3AD-A40EB97BA2B7}.Release|Any CPU.Build.0 = Release|Any CPU
		{1DE3C16C-0928-43F2-A3AD-A40EB97BA2B7}.Release|Mixed Platforms.ActiveCfg = Release|Any CPU
		{1DE3C16C-0928-43F2-A3AD-A40EB97BA2B7}.Release|Mixed Platforms.Build.0 = Release|Any CPU
		{1DE3C16C-0928-43F2-A3AD-A40EB97BA2B7}.Release|x86.ActiveCfg = Release|Any CPU
	EndGlobalSection
	GlobalSection(SolutionProperties) = preSolution
		HideSolutionNode = FALSE
	EndGlobalSection
EndGlobal
