
Microsoft Visual Studio Solution File, Format Version 11.00
# Visual Studio 2010
Project("{E24C65DC-7377-472B-9ABA-BC803B73C61A}") = "HealthOffice", "HealthOffice\", "{10BA7400-6809-446D-B16F-F152572DAC4A}"
	ProjectSection(WebsiteProperties) = preProject
		SccProjectName = ""
		SccAuxPath = ""
		SccLocalPath = ""
		SccProvider = ""
		TargetFrameworkMoniker = ".NETFramework,Version%3Dv3.5"
		ProjectReferences = "{A6242B9C-BBF6-4482-B676-1CB61C264503}|HOBLL.dll;{5D823920-3891-489F-AD80-842748BEEDC2}|HODAL.dll;{8666C149-F8D1-47CE-B5E2-BEE0BC844A9A}|MyGeneration.dOOdads.dll;"
		Debug.AspNetCompiler.VirtualPath = "/HealthOffice"
		Debug.AspNetCompiler.PhysicalPath = "HealthOffice\"
		Debug.AspNetCompiler.TargetPath = "PrecompiledWeb\HealthOffice\"
		Debug.AspNetCompiler.Updateable = "true"
		Debug.AspNetCompiler.ForceOverwrite = "true"
		Debug.AspNetCompiler.FixedNames = "false"
		Debug.AspNetCompiler.Debug = "True"
		Release.AspNetCompiler.VirtualPath = "/HealthOffice"
		Release.AspNetCompiler.PhysicalPath = "HealthOffice\"
		Release.AspNetCompiler.TargetPath = "PrecompiledWeb\HealthOffice\"
		Release.AspNetCompiler.Updateable = "true"
		Release.AspNetCompiler.ForceOverwrite = "true"
		Release.AspNetCompiler.FixedNames = "false"
		Release.AspNetCompiler.Debug = "False"
		VWDPort = "2470"
	EndProjectSection
EndProject
Project("{FAE04EC0-301F-11D3-BF4B-00C04F79EFBC}") = "HOBLL", "HOBLL\HOBLL.csproj", "{A6242B9C-BBF6-4482-B676-1CB61C264503}"
EndProject
Project("{FAE04EC0-301F-11D3-BF4B-00C04F79EFBC}") = "HODAL", "HODAL\HODAL.csproj", "{5D823920-3891-489F-AD80-842748BEEDC2}"
EndProject
Project("{FAE04EC0-301F-11D3-BF4B-00C04F79EFBC}") = "MyGeneration.dOOdads", "MyGeneration.dOOdads\MyGeneration.dOOdads.csproj", "{8666C149-F8D1-47CE-B5E2-BEE0BC844A9A}"
EndProject
Global
	GlobalSection(SolutionConfigurationPlatforms) = preSolution
		Debug|Any CPU = Debug|Any CPU
		Debug|Mixed Platforms = Debug|Mixed Platforms
		Release|Any CPU = Release|Any CPU
		Release|Mixed Platforms = Release|Mixed Platforms
	EndGlobalSection
	GlobalSection(ProjectConfigurationPlatforms) = postSolution
		{10BA7400-6809-446D-B16F-F152572DAC4A}.Debug|Any CPU.ActiveCfg = Debug|Any CPU
		{10BA7400-6809-446D-B16F-F152572DAC4A}.Debug|Any CPU.Build.0 = Debug|Any CPU
		{10BA7400-6809-446D-B16F-F152572DAC4A}.Debug|Mixed Platforms.ActiveCfg = Debug|Any CPU
		{10BA7400-6809-446D-B16F-F152572DAC4A}.Debug|Mixed Platforms.Build.0 = Debug|Any CPU
		{10BA7400-6809-446D-B16F-F152572DAC4A}.Release|Any CPU.ActiveCfg = Debug|Any CPU
		{10BA7400-6809-446D-B16F-F152572DAC4A}.Release|Any CPU.Build.0 = Debug|Any CPU
		{10BA7400-6809-446D-B16F-F152572DAC4A}.Release|Mixed Platforms.ActiveCfg = Debug|Any CPU
		{10BA7400-6809-446D-B16F-F152572DAC4A}.Release|Mixed Platforms.Build.0 = Debug|Any CPU
		{A6242B9C-BBF6-4482-B676-1CB61C264503}.Debug|Any CPU.ActiveCfg = Debug|Any CPU
		{A6242B9C-BBF6-4482-B676-1CB61C264503}.Debug|Any CPU.Build.0 = Debug|Any CPU
		{A6242B9C-BBF6-4482-B676-1CB61C264503}.Debug|Mixed Platforms.ActiveCfg = Debug|Any CPU
		{A6242B9C-BBF6-4482-B676-1CB61C264503}.Debug|Mixed Platforms.Build.0 = Debug|Any CPU
		{A6242B9C-BBF6-4482-B676-1CB61C264503}.Release|Any CPU.ActiveCfg = Release|Any CPU
		{A6242B9C-BBF6-4482-B676-1CB61C264503}.Release|Any CPU.Build.0 = Release|Any CPU
		{A6242B9C-BBF6-4482-B676-1CB61C264503}.Release|Mixed Platforms.ActiveCfg = Release|Any CPU
		{A6242B9C-BBF6-4482-B676-1CB61C264503}.Release|Mixed Platforms.Build.0 = Release|Any CPU
		{5D823920-3891-489F-AD80-842748BEEDC2}.Debug|Any CPU.ActiveCfg = Debug|Any CPU
		{5D823920-3891-489F-AD80-842748BEEDC2}.Debug|Any CPU.Build.0 = Debug|Any CPU
		{5D823920-3891-489F-AD80-842748BEEDC2}.Debug|Mixed Platforms.ActiveCfg = Debug|Any CPU
		{5D823920-3891-489F-AD80-842748BEEDC2}.Debug|Mixed Platforms.Build.0 = Debug|Any CPU
		{5D823920-3891-489F-AD80-842748BEEDC2}.Release|Any CPU.ActiveCfg = Release|Any CPU
		{5D823920-3891-489F-AD80-842748BEEDC2}.Release|Any CPU.Build.0 = Release|Any CPU
		{5D823920-3891-489F-AD80-842748BEEDC2}.Release|Mixed Platforms.ActiveCfg = Release|Any CPU
		{5D823920-3891-489F-AD80-842748BEEDC2}.Release|Mixed Platforms.Build.0 = Release|Any CPU
		{8666C149-F8D1-47CE-B5E2-BEE0BC844A9A}.Debug|Any CPU.ActiveCfg = Debug|Any CPU
		{8666C149-F8D1-47CE-B5E2-BEE0BC844A9A}.Debug|Any CPU.Build.0 = Debug|Any CPU
		{8666C149-F8D1-47CE-B5E2-BEE0BC844A9A}.Debug|Mixed Platforms.ActiveCfg = Debug|Any CPU
		{8666C149-F8D1-47CE-B5E2-BEE0BC844A9A}.Debug|Mixed Platforms.Build.0 = Debug|Any CPU
		{8666C149-F8D1-47CE-B5E2-BEE0BC844A9A}.Release|Any CPU.ActiveCfg = Release|Any CPU
		{8666C149-F8D1-47CE-B5E2-BEE0BC844A9A}.Release|Any CPU.Build.0 = Release|Any CPU
		{8666C149-F8D1-47CE-B5E2-BEE0BC844A9A}.Release|Mixed Platforms.ActiveCfg = Release|Any CPU
		{8666C149-F8D1-47CE-B5E2-BEE0BC844A9A}.Release|Mixed Platforms.Build.0 = Release|Any CPU
	EndGlobalSection
	GlobalSection(SolutionProperties) = preSolution
		HideSolutionNode = FALSE
	EndGlobalSection
EndGlobal
